
Microsoft Visual Studio Solution File, Format Version 12.00
# Visual Studio Version 16
VisualStudioVersion = 16.0.31729.503
MinimumVisualStudioVersion = 10.0.40219.1
Project("{FAE04EC0-301F-11D3-BF4B-00C04F79EFBC}") = "OdeToFood.Web", "OdeToFood.Web\OdeToFood.Web.csproj", "{9859A0C2-CB12-4E6E-B8A8-5DFD13D1EB20}"
EndProject
Project("{FAE04EC0-301F-11D3-BF4B-00C04F79EFBC}") = "OdeToFood.Data", "OdeToFood.Data\OdeToFood.Data.csproj", "{91E18373-52F3-4022-92C9-A5F82AD0DC34}"
EndProject
Global
	GlobalSection(SolutionConfigurationPlatforms) = preSolution
		Debug|Any CPU = Debug|Any CPU
		Release|Any CPU = Release|Any CPU
	EndGlobalSection
	GlobalSection(ProjectConfigurationPlatforms) = postSolution
		{9859A0C2-CB12-4E6E-B8A8-5DFD13D1EB20}.Debug|Any CPU.ActiveCfg = Debug|Any CPU
		{9859A0C2-CB12-4E6E-B8A8-5DFD13D1EB20}.Debug|Any CPU.Build.0 = Debug|Any CPU
		{9859A0C2-CB12-4E6E-B8A8-5DFD13D1EB20}.Release|Any CPU.ActiveCfg = Release|Any CPU
		{9859A0C2-CB12-4E6E-B8A8-5DFD13D1EB20}.Release|Any CPU.Build.0 = Release|Any CPU
		{91E18373-52F3-4022-92C9-A5F82AD0DC34}.Debug|Any CPU.ActiveCfg = Debug|Any CPU
		{91E18373-52F3-4022-92C9-A5F82AD0DC34}.Debug|Any CPU.Build.0 = Debug|Any CPU
		{91E18373-52F3-4022-92C9-A5F82AD0DC34}.Release|Any CPU.ActiveCfg = Release|Any CPU
		{91E18373-52F3-4022-92C9-A5F82AD0DC34}.Release|Any CPU.Build.0 = Release|Any CPU
	EndGlobalSection
	GlobalSection(SolutionProperties) = preSolution
		HideSolutionNode = FALSE
	EndGlobalSection
	GlobalSection(ExtensibilityGlobals) = postSolution
		SolutionGuid = {1FEAABC7-2DB3-4FDA-BCEE-D0F96C68BBC1}
	EndGlobalSection
EndGlobal
